<?xml version="1.0" encoding="utf-8"?>
<Project ToolsVersion="4.0" xmlns="http://schemas.microsoft.com/developer/msbuild/2003">
  <ItemGroup>
    <Filter Include="リソース ファイル">
      <UniqueIdentifier>{67DA6AB6-F800-4c08-8B7A-83BB121AAD01}</UniqueIdentifier>
      <Extensions>rc;ico;cur;bmp;dlg;rc2;rct;bin;rgs;gif;jpg;jpeg;jpe;resx;tiff;tif;png;wav;mfcribbon-ms</Extensions>
    </Filter>
    <Filter Include="State">
      <UniqueIdentifier>{9c9d0952-9f7f-4902-9eca-62011a997021}</UniqueIdentifier>
    </Filter>
  </ItemGroup>
  <ItemGroup>
    <ClInclude Include="State\GameMain.hpp">
      <Filter>State</Filter>
    </ClInclude>
    <ClInclude Include="State\GameResult.hpp">
      <Filter>State</Filter>
    </ClInclude>
    <ClInclude Include="State\GameSetting.hpp">
      <Filter>State</Filter>
    </ClInclude>
    <ClInclude Include="State\GameTitle.hpp">
      <Filter>State</Filter>
    </ClInclude>
    <ClInclude Include="Core.hpp" />
    <ClInclude Include="StateInterface.hpp" />
  </ItemGroup>
  <ItemGroup>
    <ClCompile Include="Start.cpp" />
  </ItemGroup>
</Project>