<?xml version="1.0" encoding="utf-8"?>
<Project ToolsVersion="4.0" xmlns="http://schemas.microsoft.com/developer/msbuild/2003">
  <ItemGroup>
    <Filter Include="リソース ファイル">
      <UniqueIdentifier>{67DA6AB6-F800-4c08-8B7A-83BB121AAD01}</UniqueIdentifier>
      <Extensions>rc;ico;cur;bmp;dlg;rc2;rct;bin;rgs;gif;jpg;jpeg;jpe;resx;tiff;tif;png;wav;mfcribbon-ms</Extensions>
    </Filter>
    <Filter Include="State">
      <UniqueIdentifier>{9c9d0952-9f7f-4902-9eca-62011a997021}</UniqueIdentifier>
    </Filter>
    <Filter Include="Helper">
      <UniqueIdentifier>{376d9a4d-8fff-466f-a12c-a5f85680a1d0}</UniqueIdentifier>
    </Filter>
    <Filter Include="Entity">
      <UniqueIdentifier>{5b4ef19d-97b2-41af-b315-bc9736c88597}</UniqueIdentifier>
    </Filter>
  </ItemGroup>
  <ItemGroup>
    <ClInclude Include="State\GameMain.hpp">
      <Filter>State</Filter>
    </ClInclude>
    <ClInclude Include="State\GameResult.hpp">
      <Filter>State</Filter>
    </ClInclude>
    <ClInclude Include="State\GameSetting.hpp">
      <Filter>State</Filter>
    </ClInclude>
    <ClInclude Include="State\GameTitle.hpp">
      <Filter>State</Filter>
    </ClInclude>
    <ClInclude Include="Core.hpp" />
    <ClInclude Include="StateInterface.hpp" />
    <ClInclude Include="StandardInclude.hpp" />
    <ClInclude Include="Entity\Size.hpp">
      <Filter>Entity</Filter>
    </ClInclude>
    <ClInclude Include="Entity\Point.hpp">
      <Filter>Entity</Filter>
    </ClInclude>
    <ClInclude Include="EntityInclude.hpp" />
    <ClInclude Include="State\GameMusicSelect.hpp">
      <Filter>State</Filter>
    </ClInclude>
    <ClInclude Include="HelperInclude.hpp" />
    <ClInclude Include="Entity\Rect.hpp">
      <Filter>Entity</Filter>
    </ClInclude>
    <ClInclude Include="Entity\Ripple.hpp">
      <Filter>Entity</Filter>
    </ClInclude>
    <ClInclude Include="Helper\RandomHelper.hpp">
      <Filter>Helper</Filter>
    </ClInclude>
    <ClInclude Include="Helper\InputHelper.hpp">
      <Filter>Helper</Filter>
    </ClInclude>
    <ClInclude Include="Entity\Button.hpp">
      <Filter>Entity</Filter>
    </ClInclude>
  </ItemGroup>
  <ItemGroup>
    <ClCompile Include="Start.cpp" />
  </ItemGroup>
</Project>